// !$*UTF8*$!
{
	archiveVersion = 1;
	classes = {
	};
	objectVersion = 46;
	objects = {

/* Begin PBXBuildFile section */
		2A425D641BB013E100D1BA54 /* AppDelegate.swift in Sources */ = {isa = PBXBuildFile; fileRef = 2A425D631BB013E100D1BA54 /* AppDelegate.swift */; };
		2A425D661BB013E100D1BA54 /* ViewController.swift in Sources */ = {isa = PBXBuildFile; fileRef = 2A425D651BB013E100D1BA54 /* ViewController.swift */; };
		2A425D691BB013E100D1BA54 /* Main.storyboard in Resources */ = {isa = PBXBuildFile; fileRef = 2A425D671BB013E100D1BA54 /* Main.storyboard */; };
		2A425D6B1BB013E100D1BA54 /* Images.xcassets in Resources */ = {isa = PBXBuildFile; fileRef = 2A425D6A1BB013E100D1BA54 /* Images.xcassets */; };
		2A425D6E1BB013E100D1BA54 /* LaunchScreen.xib in Resources */ = {isa = PBXBuildFile; fileRef = 2A425D6C1BB013E100D1BA54 /* LaunchScreen.xib */; };
		2A425D7A1BB013E100D1BA54 /* rsyncSwiftDemoTests.swift in Sources */ = {isa = PBXBuildFile; fileRef = 2A425D791BB013E100D1BA54 /* rsyncSwiftDemoTests.swift */; };
		2A425D941BB0299E00D1BA54 /* rsyncSwift.framework in Frameworks */ = {isa = PBXBuildFile; fileRef = 2A425D931BB0299E00D1BA54 /* rsyncSwift.framework */; };
/* End PBXBuildFile section */

/* Begin PBXContainerItemProxy section */
		2A425D741BB013E100D1BA54 /* PBXContainerItemProxy */ = {
			isa = PBXContainerItemProxy;
			containerPortal = 2A425D561BB013E100D1BA54 /* Project object */;
			proxyType = 1;
			remoteGlobalIDString = 2A425D5D1BB013E100D1BA54;
			remoteInfo = rsyncSwiftDemo;
		};
/* End PBXContainerItemProxy section */

/* Begin PBXFileReference section */
		2A425D5E1BB013E100D1BA54 /* rsyncSwiftDemo.app */ = {isa = PBXFileReference; explicitFileType = wrapper.application; includeInIndex = 0; path = rsyncSwiftDemo.app; sourceTree = BUILT_PRODUCTS_DIR; };
		2A425D621BB013E100D1BA54 /* Info.plist */ = {isa = PBXFileReference; lastKnownFileType = text.plist.xml; path = Info.plist; sourceTree = "<group>"; };
		2A425D631BB013E100D1BA54 /* AppDelegate.swift */ = {isa = PBXFileReference; lastKnownFileType = sourcecode.swift; path = AppDelegate.swift; sourceTree = "<group>"; };
		2A425D651BB013E100D1BA54 /* ViewController.swift */ = {isa = PBXFileReference; lastKnownFileType = sourcecode.swift; path = ViewController.swift; sourceTree = "<group>"; };
		2A425D681BB013E100D1BA54 /* Base */ = {isa = PBXFileReference; lastKnownFileType = file.storyboard; name = Base; path = Base.lproj/Main.storyboard; sourceTree = "<group>"; };
		2A425D6A1BB013E100D1BA54 /* Images.xcassets */ = {isa = PBXFileReference; lastKnownFileType = folder.assetcatalog; path = Images.xcassets; sourceTree = "<group>"; };
		2A425D6D1BB013E100D1BA54 /* Base */ = {isa = PBXFileReference; lastKnownFileType = file.xib; name = Base; path = Base.lproj/LaunchScreen.xib; sourceTree = "<group>"; };
		2A425D731BB013E100D1BA54 /* rsyncSwiftDemoTests.xctest */ = {isa = PBXFileReference; explicitFileType = wrapper.cfbundle; includeInIndex = 0; path = rsyncSwiftDemoTests.xctest; sourceTree = BUILT_PRODUCTS_DIR; };
		2A425D781BB013E100D1BA54 /* Info.plist */ = {isa = PBXFileReference; lastKnownFileType = text.plist.xml; path = Info.plist; sourceTree = "<group>"; };
		2A425D791BB013E100D1BA54 /* rsyncSwiftDemoTests.swift */ = {isa = PBXFileReference; lastKnownFileType = sourcecode.swift; path = rsyncSwiftDemoTests.swift; sourceTree = "<group>"; };
		2A425D931BB0299E00D1BA54 /* rsyncSwift.framework */ = {isa = PBXFileReference; lastKnownFileType = wrapper.framework; name = rsyncSwift.framework; path = "../../../../../Library/Developer/Xcode/DerivedData/rsyncSwift-abeeambxgbjbypflgxhclfnytpqh/Build/Products/Debug-iphonesimulator/rsyncSwift.framework"; sourceTree = "<group>"; };
/* End PBXFileReference section */

/* Begin PBXFrameworksBuildPhase section */
		2A425D5B1BB013E100D1BA54 /* Frameworks */ = {
			isa = PBXFrameworksBuildPhase;
			buildActionMask = 2147483647;
			files = (
				2A425D941BB0299E00D1BA54 /* rsyncSwift.framework in Frameworks */,
			);
			runOnlyForDeploymentPostprocessing = 0;
		};
		2A425D701BB013E100D1BA54 /* Frameworks */ = {
			isa = PBXFrameworksBuildPhase;
			buildActionMask = 2147483647;
			files = (
			);
			runOnlyForDeploymentPostprocessing = 0;
		};
/* End PBXFrameworksBuildPhase section */

/* Begin PBXGroup section */
		2A425D551BB013E100D1BA54 = {
			isa = PBXGroup;
			children = (
				2A425D931BB0299E00D1BA54 /* rsyncSwift.framework */,
				2A425D601BB013E100D1BA54 /* rsyncSwiftDemo */,
				2A425D761BB013E100D1BA54 /* rsyncSwiftDemoTests */,
				2A425D5F1BB013E100D1BA54 /* Products */,
			);
			sourceTree = "<group>";
		};
		2A425D5F1BB013E100D1BA54 /* Products */ = {
			isa = PBXGroup;
			children = (
				2A425D5E1BB013E100D1BA54 /* rsyncSwiftDemo.app */,
				2A425D731BB013E100D1BA54 /* rsyncSwiftDemoTests.xctest */,
			);
			name = Products;
			sourceTree = "<group>";
		};
		2A425D601BB013E100D1BA54 /* rsyncSwiftDemo */ = {
			isa = PBXGroup;
			children = (
				2A425D631BB013E100D1BA54 /* AppDelegate.swift */,
				2A425D651BB013E100D1BA54 /* ViewController.swift */,
				2A425D671BB013E100D1BA54 /* Main.storyboard */,
				2A425D6A1BB013E100D1BA54 /* Images.xcassets */,
				2A425D6C1BB013E100D1BA54 /* LaunchScreen.xib */,
				2A425D611BB013E100D1BA54 /* Supporting Files */,
			);
			path = rsyncSwiftDemo;
			sourceTree = "<group>";
		};
		2A425D611BB013E100D1BA54 /* Supporting Files */ = {
			isa = PBXGroup;
			children = (
				2A425D621BB013E100D1BA54 /* Info.plist */,
			);
			name = "Supporting Files";
			sourceTree = "<group>";
		};
		2A425D761BB013E100D1BA54 /* rsyncSwiftDemoTests */ = {
			isa = PBXGroup;
			children = (
				2A425D791BB013E100D1BA54 /* rsyncSwiftDemoTests.swift */,
				2A425D771BB013E100D1BA54 /* Supporting Files */,
			);
			path = rsyncSwiftDemoTests;
			sourceTree = "<group>";
		};
		2A425D771BB013E100D1BA54 /* Supporting Files */ = {
			isa = PBXGroup;
			children = (
				2A425D781BB013E100D1BA54 /* Info.plist */,
			);
			name = "Supporting Files";
			sourceTree = "<group>";
		};
/* End PBXGroup section */

/* Begin PBXNativeTarget section */
		2A425D5D1BB013E100D1BA54 /* rsyncSwiftDemo */ = {
			isa = PBXNativeTarget;
			buildConfigurationList = 2A425D7D1BB013E100D1BA54 /* Build configuration list for PBXNativeTarget "rsyncSwiftDemo" */;
			buildPhases = (
				2A425D5A1BB013E100D1BA54 /* Sources */,
				2A425D5B1BB013E100D1BA54 /* Frameworks */,
				2A425D5C1BB013E100D1BA54 /* Resources */,
			);
			buildRules = (
			);
			dependencies = (
			);
			name = rsyncSwiftDemo;
			productName = rsyncSwiftDemo;
			productReference = 2A425D5E1BB013E100D1BA54 /* rsyncSwiftDemo.app */;
			productType = "com.apple.product-type.application";
		};
		2A425D721BB013E100D1BA54 /* rsyncSwiftDemoTests */ = {
			isa = PBXNativeTarget;
			buildConfigurationList = 2A425D801BB013E100D1BA54 /* Build configuration list for PBXNativeTarget "rsyncSwiftDemoTests" */;
			buildPhases = (
				2A425D6F1BB013E100D1BA54 /* Sources */,
				2A425D701BB013E100D1BA54 /* Frameworks */,
				2A425D711BB013E100D1BA54 /* Resources */,
			);
			buildRules = (
			);
			dependencies = (
				2A425D751BB013E100D1BA54 /* PBXTargetDependency */,
			);
			name = rsyncSwiftDemoTests;
			productName = rsyncSwiftDemoTests;
			productReference = 2A425D731BB013E100D1BA54 /* rsyncSwiftDemoTests.xctest */;
			productType = "com.apple.product-type.bundle.unit-test";
		};
/* End PBXNativeTarget section */

/* Begin PBXProject section */
		2A425D561BB013E100D1BA54 /* Project object */ = {
			isa = PBXProject;
			attributes = {
				LastSwiftUpdateCheck = 0720;
				LastUpgradeCheck = 0640;
				ORGANIZATIONNAME = "Viktor Braun - dev-things.net";
				TargetAttributes = {
					2A425D5D1BB013E100D1BA54 = {
						CreatedOnToolsVersion = 6.4;
					};
					2A425D721BB013E100D1BA54 = {
						CreatedOnToolsVersion = 6.4;
						TestTargetID = 2A425D5D1BB013E100D1BA54;
					};
				};
			};
			buildConfigurationList = 2A425D591BB013E100D1BA54 /* Build configuration list for PBXProject "rsyncSwiftDemo" */;
			compatibilityVersion = "Xcode 3.2";
			developmentRegion = English;
			hasScannedForEncodings = 0;
			knownRegions = (
				en,
				Base,
			);
			mainGroup = 2A425D551BB013E100D1BA54;
			productRefGroup = 2A425D5F1BB013E100D1BA54 /* Products */;
			projectDirPath = "";
			projectRoot = "";
			targets = (
				2A425D5D1BB013E100D1BA54 /* rsyncSwiftDemo */,
				2A425D721BB013E100D1BA54 /* rsyncSwiftDemoTests */,
			);
		};
/* End PBXProject section */

/* Begin PBXResourcesBuildPhase section */
		2A425D5C1BB013E100D1BA54 /* Resources */ = {
			isa = PBXResourcesBuildPhase;
			buildActionMask = 2147483647;
			files = (
				2A425D691BB013E100D1BA54 /* Main.storyboard in Resources */,
				2A425D6E1BB013E100D1BA54 /* LaunchScreen.xib in Resources */,
				2A425D6B1BB013E100D1BA54 /* Images.xcassets in Resources */,
			);
			runOnlyForDeploymentPostprocessing = 0;
		};
		2A425D711BB013E100D1BA54 /* Resources */ = {
			isa = PBXResourcesBuildPhase;
			buildActionMask = 2147483647;
			files = (
			);
			runOnlyForDeploymentPostprocessing = 0;
		};
/* End PBXResourcesBuildPhase section */

/* Begin PBXSourcesBuildPhase section */
		2A425D5A1BB013E100D1BA54 /* Sources */ = {
			isa = PBXSourcesBuildPhase;
			buildActionMask = 2147483647;
			files = (
				2A425D661BB013E100D1BA54 /* ViewController.swift in Sources */,
				2A425D641BB013E100D1BA54 /* AppDelegate.swift in Sources */,
			);
			runOnlyForDeploymentPostprocessing = 0;
		};
		2A425D6F1BB013E100D1BA54 /* Sources */ = {
			isa = PBXSourcesBuildPhase;
			buildActionMask = 2147483647;
			files = (
				2A425D7A1BB013E100D1BA54 /* rsyncSwiftDemoTests.swift in Sources */,
			);
			runOnlyForDeploymentPostprocessing = 0;
		};
/* End PBXSourcesBuildPhase section */

/* Begin PBXTargetDependency section */
		2A425D751BB013E100D1BA54 /* PBXTargetDependency */ = {
			isa = PBXTargetDependency;
			target = 2A425D5D1BB013E100D1BA54 /* rsyncSwiftDemo */;
			targetProxy = 2A425D741BB013E100D1BA54 /* PBXContainerItemProxy */;
		};
/* End PBXTargetDependency section */

/* Begin PBXVariantGroup section */
		2A425D671BB013E100D1BA54 /* Main.storyboard */ = {
			isa = PBXVariantGroup;
			children = (
				2A425D681BB013E100D1BA54 /* Base */,
			);
			name = Main.storyboard;
			sourceTree = "<group>";
		};
		2A425D6C1BB013E100D1BA54 /* LaunchScreen.xib */ = {
			isa = PBXVariantGroup;
			children = (
				2A425D6D1BB013E100D1BA54 /* Base */,
			);
			name = LaunchScreen.xib;
			sourceTree = "<group>";
		};
/* End PBXVariantGroup section */

/* Begin XCBuildConfiguration section */
		2A425D7B1BB013E100D1BA54 /* Debug */ = {
			isa = XCBuildConfiguration;
			buildSettings = {
				ALWAYS_SEARCH_USER_PATHS = NO;
				CLANG_CXX_LANGUAGE_STANDARD = "gnu++0x";
				CLANG_CXX_LIBRARY = "libc++";
				CLANG_ENABLE_MODULES = YES;
				CLANG_ENABLE_OBJC_ARC = YES;
				CLANG_WARN_BOOL_CONVERSION = YES;
				CLANG_WARN_CONSTANT_CONVERSION = YES;
				CLANG_WARN_DIRECT_OBJC_ISA_USAGE = YES_ERROR;
				CLANG_WARN_EMPTY_BODY = YES;
				CLANG_WARN_ENUM_CONVERSION = YES;
				CLANG_WARN_INT_CONVERSION = YES;
				CLANG_WARN_OBJC_ROOT_CLASS = YES_ERROR;
				CLANG_WARN_UNREACHABLE_CODE = YES;
				CLANG_WARN__DUPLICATE_METHOD_MATCH = YES;
				"CODE_SIGN_IDENTITY[sdk=iphoneos*]" = "iPhone Developer";
				COPY_PHASE_STRIP = NO;
				DEBUG_INFORMATION_FORMAT = "dwarf-with-dsym";
				ENABLE_STRICT_OBJC_MSGSEND = YES;
				GCC_C_LANGUAGE_STANDARD = gnu99;
				GCC_DYNAMIC_NO_PIC = NO;
				GCC_NO_COMMON_BLOCKS = YES;
				GCC_OPTIMIZATION_LEVEL = 0;
				GCC_PREPROCESSOR_DEFINITIONS = (
					"DEBUG=1",
					"$(inherited)",
				);
				GCC_SYMBOLS_PRIVATE_EXTERN = NO;
				GCC_WARN_64_TO_32_BIT_CONVERSION = YES;
				GCC_WARN_ABOUT_RETURN_TYPE = YES_ERROR;
				GCC_WARN_UNDECLARED_SELECTOR = YES;
				GCC_WARN_UNINITIALIZED_AUTOS = YES_AGGRESSIVE;
				GCC_WARN_UNUSED_FUNCTION = YES;
				GCC_WARN_UNUSED_VARIABLE = YES;
				IPHONEOS_DEPLOYMENT_TARGET = 8.4;
				MTL_ENABLE_DEBUG_INFO = YES;
				ONLY_ACTIVE_ARCH = YES;
				SDKROOT = iphoneos;
				SWIFT_OPTIMIZATION_LEVEL = "-Onone";
			};
			name = Debug;
		};
		2A425D7C1BB013E100D1BA54 /* Release */ = {
			isa = XCBuildConfiguration;
			buildSettings = {
				ALWAYS_SEARCH_USER_PATHS = NO;
				CLANG_CXX_LANGUAGE_STANDARD = "gnu++0x";
				CLANG_CXX_LIBRARY = "libc++";
				CLANG_ENABLE_MODULES = YES;
				CLANG_ENABLE_OBJC_ARC = YES;
				CLANG_WARN_BOOL_CONVERSION = YES;
				CLANG_WARN_CONSTANT_CONVERSION = YES;
				CLANG_WARN_DIRECT_OBJC_ISA_USAGE = YES_ERROR;
				CLANG_WARN_EMPTY_BODY = YES;
				CLANG_WARN_ENUM_CONVERSION = YES;
				CLANG_WARN_INT_CONVERSION = YES;
				CLANG_WARN_OBJC_ROOT_CLASS = YES_ERROR;
				CLANG_WARN_UNREACHABLE_CODE = YES;
				CLANG_WARN__DUPLICATE_METHOD_MATCH = YES;
				"CODE_SIGN_IDENTITY[sdk=iphoneos*]" = "iPhone Developer";
				COPY_PHASE_STRIP = NO;
				DEBUG_INFORMATION_FORMAT = "dwarf-with-dsym";
				ENABLE_NS_ASSERTIONS = NO;
				ENABLE_STRICT_OBJC_MSGSEND = YES;
				GCC_C_LANGUAGE_STANDARD = gnu99;
				GCC_NO_COMMON_BLOCKS = YES;
				GCC_WARN_64_TO_32_BIT_CONVERSION = YES;
				GCC_WARN_ABOUT_RETURN_TYPE = YES_ERROR;
				GCC_WARN_UNDECLARED_SELECTOR = YES;
				GCC_WARN_UNINITIALIZED_AUTOS = YES_AGGRESSIVE;
				GCC_WARN_UNUSED_FUNCTION = YES;
				GCC_WARN_UNUSED_VARIABLE = YES;
				IPHONEOS_DEPLOYMENT_TARGET = 8.4;
				MTL_ENABLE_DEBUG_INFO = NO;
				SDKROOT = iphoneos;
				VALIDATE_PRODUCT = YES;
			};
			name = Release;
		};
		2A425D7E1BB013E100D1BA54 /* Debug */ = {
			isa = XCBuildConfiguration;
			buildSettings = {
				ASSETCATALOG_COMPILER_APPICON_NAME = AppIcon;
				FRAMEWORK_SEARCH_PATHS = (
					"$(inherited)",
					"$(PROJECT_DIR)",
					"$(USER_LIBRARY_DIR)/Developer/Xcode/DerivedData/rsyncSwift-abeeambxgbjbypflgxhclfnytpqh/Build/Products/Debug-iphonesimulator",
				);
				INFOPLIST_FILE = rsyncSwiftDemo/Info.plist;
				LD_RUNPATH_SEARCH_PATHS = "$(inherited) @executable_path/Frameworks";
				PRODUCT_NAME = "$(TARGET_NAME)";
			};
			name = Debug;
		};
		2A425D7F1BB013E100D1BA54 /* Release */ = {
			isa = XCBuildConfiguration;
			buildSettings = {
				ASSETCATALOG_COMPILER_APPICON_NAME = AppIcon;
				FRAMEWORK_SEARCH_PATHS = (
					"$(inherited)",
					"$(PROJECT_DIR)",
					"$(USER_LIBRARY_DIR)/Developer/Xcode/DerivedData/rsyncSwift-abeeambxgbjbypflgxhclfnytpqh/Build/Products/Debug-iphonesimulator",
				);
				INFOPLIST_FILE = rsyncSwiftDemo/Info.plist;
				LD_RUNPATH_SEARCH_PATHS = "$(inherited) @executable_path/Frameworks";
				PRODUCT_NAME = "$(TARGET_NAME)";
			};
			name = Release;
		};
		2A425D811BB013E100D1BA54 /* Debug */ = {
			isa = XCBuildConfiguration;
			buildSettings = {
				BUNDLE_LOADER = "$(TEST_HOST)";
				FRAMEWORK_SEARCH_PATHS = (
					"$(SDKROOT)/Developer/Library/Frameworks",
					"$(inherited)",
				);
				GCC_PREPROCESSOR_DEFINITIONS = (
					"DEBUG=1",
					"$(inherited)",
				);
				INFOPLIST_FILE = rsyncSwiftDemoTests/Info.plist;
				LD_RUNPATH_SEARCH_PATHS = "$(inherited) @executable_path/Frameworks @loader_path/Frameworks";
				PRODUCT_NAME = "$(TARGET_NAME)";
				TEST_HOST = "$(BUILT_PRODUCTS_DIR)/rsyncSwiftDemo.app/rsyncSwiftDemo";
			};
			name = Debug;
		};
		2A425D821BB013E100D1BA54 /* Release */ = {
			isa = XCBuildConfiguration;
			buildSettings = {
				BUNDLE_LOADER = "$(TEST_HOST)";
				FRAMEWORK_SEARCH_PATHS = (
					"$(SDKROOT)/Developer/Library/Frameworks",
					"$(inherited)",
				);
				INFOPLIST_FILE = rsyncSwiftDemoTests/Info.plist;
				LD_RUNPATH_SEARCH_PATHS = "$(inherited) @executable_path/Frameworks @loader_path/Frameworks";
				PRODUCT_NAME = "$(TARGET_NAME)";
				TEST_HOST = "$(BUILT_PRODUCTS_DIR)/rsyncSwiftDemo.app/rsyncSwiftDemo";
			};
			name = Release;
		};
/* End XCBuildConfiguration section */

/* Begin XCConfigurationList section */
		2A425D591BB013E100D1BA54 /* Build configuration list for PBXProject "rsyncSwiftDemo" */ = {
			isa = XCConfigurationList;
			buildConfigurations = (
				2A425D7B1BB013E100D1BA54 /* Debug */,
				2A425D7C1BB013E100D1BA54 /* Release */,
			);
			defaultConfigurationIsVisible = 0;
			defaultConfigurationName = Release;
		};
		2A425D7D1BB013E100D1BA54 /* Build configuration list for PBXNativeTarget "rsyncSwiftDemo" */ = {
			isa = XCConfigurationList;
			buildConfigurations = (
				2A425D7E1BB013E100D1BA54 /* Debug */,
				2A425D7F1BB013E100D1BA54 /* Release */,
			);
			defaultConfigurationIsVisible = 0;
			defaultConfigurationName = Release;
		};
		2A425D801BB013E100D1BA54 /* Build configuration list for PBXNativeTarget "rsyncSwiftDemoTests" */ = {
			isa = XCConfigurationList;
			buildConfigurations = (
				2A425D811BB013E100D1BA54 /* Debug */,
				2A425D821BB013E100D1BA54 /* Release */,
			);
			defaultConfigurationIsVisible = 0;
			defaultConfigurationName = Release;
		};
/* End XCConfigurationList section */
	};
	rootObject = 2A425D561BB013E100D1BA54 /* Project object */;
}
